// !$*UTF8*$!
{
	archiveVersion = 1;
	classes = {
	};
	objectVersion = 55;
	objects = {

/* Begin PBXBuildFile section */
		10DB751C28168AE9007B411D /* SnackBarExampleApp.swift in Sources */ = {isa = PBXBuildFile; fileRef = 10DB751B28168AE9007B411D /* SnackBarExampleApp.swift */; };
		10DB751E28168AE9007B411D /* ContentView.swift in Sources */ = {isa = PBXBuildFile; fileRef = 10DB751D28168AE9007B411D /* ContentView.swift */; };
		10DB752028168AEB007B411D /* Assets.xcassets in Resources */ = {isa = PBXBuildFile; fileRef = 10DB751F28168AEB007B411D /* Assets.xcassets */; };
		10DB752328168AEB007B411D /* Preview Assets.xcassets in Resources */ = {isa = PBXBuildFile; fileRef = 10DB752228168AEB007B411D /* Preview Assets.xcassets */; };
		10DB752D28168AEB007B411D /* SnackBarExampleTests.swift in Sources */ = {isa = PBXBuildFile; fileRef = 10DB752C28168AEB007B411D /* SnackBarExampleTests.swift */; };
		10DB753728168AEB007B411D /* SnackBarExampleUITests.swift in Sources */ = {isa = PBXBuildFile; fileRef = 10DB753628168AEB007B411D /* SnackBarExampleUITests.swift */; };
		10DB753928168AEB007B411D /* SnackBarExampleUITestsLaunchTests.swift in Sources */ = {isa = PBXBuildFile; fileRef = 10DB753828168AEB007B411D /* SnackBarExampleUITestsLaunchTests.swift */; };
		10DB754628168B09007B411D /* BannerModifier.swift in Sources */ = {isa = PBXBuildFile; fileRef = 10DB754528168B09007B411D /* BannerModifier.swift */; };
/* End PBXBuildFile section */

/* Begin PBXContainerItemProxy section */
		10DB752928168AEB007B411D /* PBXContainerItemProxy */ = {
			isa = PBXContainerItemProxy;
			containerPortal = 10DB751028168AE9007B411D /* Project object */;
			proxyType = 1;
			remoteGlobalIDString = 10DB751728168AE9007B411D;
			remoteInfo = SnackBarExample;
		};
		10DB753328168AEB007B411D /* PBXContainerItemProxy */ = {
			isa = PBXContainerItemProxy;
			containerPortal = 10DB751028168AE9007B411D /* Project object */;
			proxyType = 1;
			remoteGlobalIDString = 10DB751728168AE9007B411D;
			remoteInfo = SnackBarExample;
		};
/* End PBXContainerItemProxy section */

/* Begin PBXFileReference section */
		10DB751828168AE9007B411D /* SnackBarExample.app */ = {isa = PBXFileReference; explicitFileType = wrapper.application; includeInIndex = 0; path = SnackBarExample.app; sourceTree = BUILT_PRODUCTS_DIR; };
		10DB751B28168AE9007B411D /* SnackBarExampleApp.swift */ = {isa = PBXFileReference; lastKnownFileType = sourcecode.swift; path = SnackBarExampleApp.swift; sourceTree = "<group>"; };
		10DB751D28168AE9007B411D /* ContentView.swift */ = {isa = PBXFileReference; lastKnownFileType = sourcecode.swift; path = ContentView.swift; sourceTree = "<group>"; };
		10DB751F28168AEB007B411D /* Assets.xcassets */ = {isa = PBXFileReference; lastKnownFileType = folder.assetcatalog; path = Assets.xcassets; sourceTree = "<group>"; };
		10DB752228168AEB007B411D /* Preview Assets.xcassets */ = {isa = PBXFileReference; lastKnownFileType = folder.assetcatalog; path = "Preview Assets.xcassets"; sourceTree = "<group>"; };
		10DB752828168AEB007B411D /* SnackBarExampleTests.xctest */ = {isa = PBXFileReference; explicitFileType = wrapper.cfbundle; includeInIndex = 0; path = SnackBarExampleTests.xctest; sourceTree = BUILT_PRODUCTS_DIR; };
		10DB752C28168AEB007B411D /* SnackBarExampleTests.swift */ = {isa = PBXFileReference; lastKnownFileType = sourcecode.swift; path = SnackBarExampleTests.swift; sourceTree = "<group>"; };
		10DB753228168AEB007B411D /* SnackBarExampleUITests.xctest */ = {isa = PBXFileReference; explicitFileType = wrapper.cfbundle; includeInIndex = 0; path = SnackBarExampleUITests.xctest; sourceTree = BUILT_PRODUCTS_DIR; };
		10DB753628168AEB007B411D /* SnackBarExampleUITests.swift */ = {isa = PBXFileReference; lastKnownFileType = sourcecode.swift; path = SnackBarExampleUITests.swift; sourceTree = "<group>"; };
		10DB753828168AEB007B411D /* SnackBarExampleUITestsLaunchTests.swift */ = {isa = PBXFileReference; lastKnownFileType = sourcecode.swift; path = SnackBarExampleUITestsLaunchTests.swift; sourceTree = "<group>"; };
		10DB754528168B09007B411D /* BannerModifier.swift */ = {isa = PBXFileReference; lastKnownFileType = sourcecode.swift; path = BannerModifier.swift; sourceTree = "<group>"; };
/* End PBXFileReference section */

/* Begin PBXFrameworksBuildPhase section */
		10DB751528168AE9007B411D /* Frameworks */ = {
			isa = PBXFrameworksBuildPhase;
			buildActionMask = 2147483647;
			files = (
			);
			runOnlyForDeploymentPostprocessing = 0;
		};
		10DB752528168AEB007B411D /* Frameworks */ = {
			isa = PBXFrameworksBuildPhase;
			buildActionMask = 2147483647;
			files = (
			);
			runOnlyForDeploymentPostprocessing = 0;
		};
		10DB752F28168AEB007B411D /* Frameworks */ = {
			isa = PBXFrameworksBuildPhase;
			buildActionMask = 2147483647;
			files = (
			);
			runOnlyForDeploymentPostprocessing = 0;
		};
/* End PBXFrameworksBuildPhase section */

/* Begin PBXGroup section */
		10DB750F28168AE9007B411D = {
			isa = PBXGroup;
			children = (
				10DB751A28168AE9007B411D /* SnackBarExample */,
				10DB752B28168AEB007B411D /* SnackBarExampleTests */,
				10DB753528168AEB007B411D /* SnackBarExampleUITests */,
				10DB751928168AE9007B411D /* Products */,
			);
			sourceTree = "<group>";
		};
		10DB751928168AE9007B411D /* Products */ = {
			isa = PBXGroup;
			children = (
				10DB751828168AE9007B411D /* SnackBarExample.app */,
				10DB752828168AEB007B411D /* SnackBarExampleTests.xctest */,
				10DB753228168AEB007B411D /* SnackBarExampleUITests.xctest */,
			);
			name = Products;
			sourceTree = "<group>";
		};
		10DB751A28168AE9007B411D /* SnackBarExample */ = {
			isa = PBXGroup;
			children = (
				10DB751B28168AE9007B411D /* SnackBarExampleApp.swift */,
				10DB751D28168AE9007B411D /* ContentView.swift */,
				10DB751F28168AEB007B411D /* Assets.xcassets */,
				10DB752128168AEB007B411D /* Preview Content */,
				10DB754528168B09007B411D /* BannerModifier.swift */,
			);
			path = SnackBarExample;
			sourceTree = "<group>";
		};
		10DB752128168AEB007B411D /* Preview Content */ = {
			isa = PBXGroup;
			children = (
				10DB752228168AEB007B411D /* Preview Assets.xcassets */,
			);
			path = "Preview Content";
			sourceTree = "<group>";
		};
		10DB752B28168AEB007B411D /* SnackBarExampleTests */ = {
			isa = PBXGroup;
			children = (
				10DB752C28168AEB007B411D /* SnackBarExampleTests.swift */,
			);
			path = SnackBarExampleTests;
			sourceTree = "<group>";
		};
		10DB753528168AEB007B411D /* SnackBarExampleUITests */ = {
			isa = PBXGroup;
			children = (
				10DB753628168AEB007B411D /* SnackBarExampleUITests.swift */,
				10DB753828168AEB007B411D /* SnackBarExampleUITestsLaunchTests.swift */,
			);
			path = SnackBarExampleUITests;
			sourceTree = "<group>";
		};
/* End PBXGroup section */

/* Begin PBXNativeTarget section */
		10DB751728168AE9007B411D /* SnackBarExample */ = {
			isa = PBXNativeTarget;
			buildConfigurationList = 10DB753C28168AEB007B411D /* Build configuration list for PBXNativeTarget "SnackBarExample" */;
			buildPhases = (
				10DB751428168AE9007B411D /* Sources */,
				10DB751528168AE9007B411D /* Frameworks */,
				10DB751628168AE9007B411D /* Resources */,
			);
			buildRules = (
			);
			dependencies = (
			);
			name = SnackBarExample;
			productName = SnackBarExample;
			productReference = 10DB751828168AE9007B411D /* SnackBarExample.app */;
			productType = "com.apple.product-type.application";
		};
		10DB752728168AEB007B411D /* SnackBarExampleTests */ = {
			isa = PBXNativeTarget;
			buildConfigurationList = 10DB753F28168AEB007B411D /* Build configuration list for PBXNativeTarget "SnackBarExampleTests" */;
			buildPhases = (
				10DB752428168AEB007B411D /* Sources */,
				10DB752528168AEB007B411D /* Frameworks */,
				10DB752628168AEB007B411D /* Resources */,
			);
			buildRules = (
			);
			dependencies = (
				10DB752A28168AEB007B411D /* PBXTargetDependency */,
			);
			name = SnackBarExampleTests;
			productName = SnackBarExampleTests;
			productReference = 10DB752828168AEB007B411D /* SnackBarExampleTests.xctest */;
			productType = "com.apple.product-type.bundle.unit-test";
		};
		10DB753128168AEB007B411D /* SnackBarExampleUITests */ = {
			isa = PBXNativeTarget;
			buildConfigurationList = 10DB754228168AEB007B411D /* Build configuration list for PBXNativeTarget "SnackBarExampleUITests" */;
			buildPhases = (
				10DB752E28168AEB007B411D /* Sources */,
				10DB752F28168AEB007B411D /* Frameworks */,
				10DB753028168AEB007B411D /* Resources */,
			);
			buildRules = (
			);
			dependencies = (
				10DB753428168AEB007B411D /* PBXTargetDependency */,
			);
			name = SnackBarExampleUITests;
			productName = SnackBarExampleUITests;
			productReference = 10DB753228168AEB007B411D /* SnackBarExampleUITests.xctest */;
			productType = "com.apple.product-type.bundle.ui-testing";
		};
/* End PBXNativeTarget section */

/* Begin PBXProject section */
		10DB751028168AE9007B411D /* Project object */ = {
			isa = PBXProject;
			attributes = {
				BuildIndependentTargetsInParallel = 1;
				LastSwiftUpdateCheck = 1320;
				LastUpgradeCheck = 1320;
				TargetAttributes = {
					10DB751728168AE9007B411D = {
						CreatedOnToolsVersion = 13.2.1;
					};
					10DB752728168AEB007B411D = {
						CreatedOnToolsVersion = 13.2.1;
						TestTargetID = 10DB751728168AE9007B411D;
					};
					10DB753128168AEB007B411D = {
						CreatedOnToolsVersion = 13.2.1;
						TestTargetID = 10DB751728168AE9007B411D;
					};
				};
			};
			buildConfigurationList = 10DB751328168AE9007B411D /* Build configuration list for PBXProject "SnackBarExample" */;
			compatibilityVersion = "Xcode 13.0";
			developmentRegion = en;
			hasScannedForEncodings = 0;
			knownRegions = (
				en,
				Base,
			);
			mainGroup = 10DB750F28168AE9007B411D;
			productRefGroup = 10DB751928168AE9007B411D /* Products */;
			projectDirPath = "";
			projectRoot = "";
			targets = (
				10DB751728168AE9007B411D /* SnackBarExample */,
				10DB752728168AEB007B411D /* SnackBarExampleTests */,
				10DB753128168AEB007B411D /* SnackBarExampleUITests */,
			);
		};
/* End PBXProject section */

/* Begin PBXResourcesBuildPhase section */
		10DB751628168AE9007B411D /* Resources */ = {
			isa = PBXResourcesBuildPhase;
			buildActionMask = 2147483647;
			files = (
				10DB752328168AEB007B411D /* Preview Assets.xcassets in Resources */,
				10DB752028168AEB007B411D /* Assets.xcassets in Resources */,
			);
			runOnlyForDeploymentPostprocessing = 0;
		};
		10DB752628168AEB007B411D /* Resources */ = {
			isa = PBXResourcesBuildPhase;
			buildActionMask = 2147483647;
			files = (
			);
			runOnlyForDeploymentPostprocessing = 0;
		};
		10DB753028168AEB007B411D /* Resources */ = {
			isa = PBXResourcesBuildPhase;
			buildActionMask = 2147483647;
			files = (
			);
			runOnlyForDeploymentPostprocessing = 0;
		};
/* End PBXResourcesBuildPhase section */

/* Begin PBXSourcesBuildPhase section */
		10DB751428168AE9007B411D /* Sources */ = {
			isa = PBXSourcesBuildPhase;
			buildActionMask = 2147483647;
			files = (
				10DB751E28168AE9007B411D /* ContentView.swift in Sources */,
				10DB754628168B09007B411D /* BannerModifier.swift in Sources */,
				10DB751C28168AE9007B411D /* SnackBarExampleApp.swift in Sources */,
			);
			runOnlyForDeploymentPostprocessing = 0;
		};
		10DB752428168AEB007B411D /* Sources */ = {
			isa = PBXSourcesBuildPhase;
			buildActionMask = 2147483647;
			files = (
				10DB752D28168AEB007B411D /* SnackBarExampleTests.swift in Sources */,
			);
			runOnlyForDeploymentPostprocessing = 0;
		};
		10DB752E28168AEB007B411D /* Sources */ = {
			isa = PBXSourcesBuildPhase;
			buildActionMask = 2147483647;
			files = (
				10DB753928168AEB007B411D /* SnackBarExampleUITestsLaunchTests.swift in Sources */,
				10DB753728168AEB007B411D /* SnackBarExampleUITests.swift in Sources */,
			);
			runOnlyForDeploymentPostprocessing = 0;
		};
/* End PBXSourcesBuildPhase section */

/* Begin PBXTargetDependency section */
		10DB752A28168AEB007B411D /* PBXTargetDependency */ = {
			isa = PBXTargetDependency;
			target = 10DB751728168AE9007B411D /* SnackBarExample */;
			targetProxy = 10DB752928168AEB007B411D /* PBXContainerItemProxy */;
		};
		10DB753428168AEB007B411D /* PBXTargetDependency */ = {
			isa = PBXTargetDependency;
			target = 10DB751728168AE9007B411D /* SnackBarExample */;
			targetProxy = 10DB753328168AEB007B411D /* PBXContainerItemProxy */;
		};
/* End PBXTargetDependency section */

/* Begin XCBuildConfiguration section */
		10DB753A28168AEB007B411D /* Debug */ = {
			isa = XCBuildConfiguration;
			buildSettings = {
				ALWAYS_SEARCH_USER_PATHS = NO;
				CLANG_ANALYZER_NONNULL = YES;
				CLANG_ANALYZER_NUMBER_OBJECT_CONVERSION = YES_AGGRESSIVE;
				CLANG_CXX_LANGUAGE_STANDARD = "gnu++17";
				CLANG_CXX_LIBRARY = "libc++";
				CLANG_ENABLE_MODULES = YES;
				CLANG_ENABLE_OBJC_ARC = YES;
				CLANG_ENABLE_OBJC_WEAK = YES;
				CLANG_WARN_BLOCK_CAPTURE_AUTORELEASING = YES;
				CLANG_WARN_BOOL_CONVERSION = YES;
				CLANG_WARN_COMMA = YES;
				CLANG_WARN_CONSTANT_CONVERSION = YES;
				CLANG_WARN_DEPRECATED_OBJC_IMPLEMENTATIONS = YES;
				CLANG_WARN_DIRECT_OBJC_ISA_USAGE = YES_ERROR;
				CLANG_WARN_DOCUMENTATION_COMMENTS = YES;
				CLANG_WARN_EMPTY_BODY = YES;
				CLANG_WARN_ENUM_CONVERSION = YES;
				CLANG_WARN_INFINITE_RECURSION = YES;
				CLANG_WARN_INT_CONVERSION = YES;
				CLANG_WARN_NON_LITERAL_NULL_CONVERSION = YES;
				CLANG_WARN_OBJC_IMPLICIT_RETAIN_SELF = YES;
				CLANG_WARN_OBJC_LITERAL_CONVERSION = YES;
				CLANG_WARN_OBJC_ROOT_CLASS = YES_ERROR;
				CLANG_WARN_QUOTED_INCLUDE_IN_FRAMEWORK_HEADER = YES;
				CLANG_WARN_RANGE_LOOP_ANALYSIS = YES;
				CLANG_WARN_STRICT_PROTOTYPES = YES;
				CLANG_WARN_SUSPICIOUS_MOVE = YES;
				CLANG_WARN_UNGUARDED_AVAILABILITY = YES_AGGRESSIVE;
				CLANG_WARN_UNREACHABLE_CODE = YES;
				CLANG_WARN__DUPLICATE_METHOD_MATCH = YES;
				COPY_PHASE_STRIP = NO;
				DEBUG_INFORMATION_FORMAT = dwarf;
				ENABLE_STRICT_OBJC_MSGSEND = YES;
				ENABLE_TESTABILITY = YES;
				GCC_C_LANGUAGE_STANDARD = gnu11;
				GCC_DYNAMIC_NO_PIC = NO;
				GCC_NO_COMMON_BLOCKS = YES;
				GCC_OPTIMIZATION_LEVEL = 0;
				GCC_PREPROCESSOR_DEFINITIONS = (
					"DEBUG=1",
					"$(inherited)",
				);
				GCC_WARN_64_TO_32_BIT_CONVERSION = YES;
				GCC_WARN_ABOUT_RETURN_TYPE = YES_ERROR;
				GCC_WARN_UNDECLARED_SELECTOR = YES;
				GCC_WARN_UNINITIALIZED_AUTOS = YES_AGGRESSIVE;
				GCC_WARN_UNUSED_FUNCTION = YES;
				GCC_WARN_UNUSED_VARIABLE = YES;
				IPHONEOS_DEPLOYMENT_TARGET = 15.2;
				MTL_ENABLE_DEBUG_INFO = INCLUDE_SOURCE;
				MTL_FAST_MATH = YES;
				ONLY_ACTIVE_ARCH = YES;
				SDKROOT = iphoneos;
				SWIFT_ACTIVE_COMPILATION_CONDITIONS = DEBUG;
				SWIFT_OPTIMIZATION_LEVEL = "-Onone";
			};
			name = Debug;
		};
		10DB753B28168AEB007B411D /* Release */ = {
			isa = XCBuildConfiguration;
			buildSettings = {
				ALWAYS_SEARCH_USER_PATHS = NO;
				CLANG_ANALYZER_NONNULL = YES;
				CLANG_ANALYZER_NUMBER_OBJECT_CONVERSION = YES_AGGRESSIVE;
				CLANG_CXX_LANGUAGE_STANDARD = "gnu++17";
				CLANG_CXX_LIBRARY = "libc++";
				CLANG_ENABLE_MODULES = YES;
				CLANG_ENABLE_OBJC_ARC = YES;
				CLANG_ENABLE_OBJC_WEAK = YES;
				CLANG_WARN_BLOCK_CAPTURE_AUTORELEASING = YES;
				CLANG_WARN_BOOL_CONVERSION = YES;
				CLANG_WARN_COMMA = YES;
				CLANG_WARN_CONSTANT_CONVERSION = YES;
				CLANG_WARN_DEPRECATED_OBJC_IMPLEMENTATIONS = YES;
				CLANG_WARN_DIRECT_OBJC_ISA_USAGE = YES_ERROR;
				CLANG_WARN_DOCUMENTATION_COMMENTS = YES;
				CLANG_WARN_EMPTY_BODY = YES;
				CLANG_WARN_ENUM_CONVERSION = YES;
				CLANG_WARN_INFINITE_RECURSION = YES;
				CLANG_WARN_INT_CONVERSION = YES;
				CLANG_WARN_NON_LITERAL_NULL_CONVERSION = YES;
				CLANG_WARN_OBJC_IMPLICIT_RETAIN_SELF = YES;
				CLANG_WARN_OBJC_LITERAL_CONVERSION = YES;
				CLANG_WARN_OBJC_ROOT_CLASS = YES_ERROR;
				CLANG_WARN_QUOTED_INCLUDE_IN_FRAMEWORK_HEADER = YES;
				CLANG_WARN_RANGE_LOOP_ANALYSIS = YES;
				CLANG_WARN_STRICT_PROTOTYPES = YES;
				CLANG_WARN_SUSPICIOUS_MOVE = YES;
				CLANG_WARN_UNGUARDED_AVAILABILITY = YES_AGGRESSIVE;
				CLANG_WARN_UNREACHABLE_CODE = YES;
				CLANG_WARN__DUPLICATE_METHOD_MATCH = YES;
				COPY_PHASE_STRIP = NO;
				DEBUG_INFORMATION_FORMAT = "dwarf-with-dsym";
				ENABLE_NS_ASSERTIONS = NO;
				ENABLE_STRICT_OBJC_MSGSEND = YES;
				GCC_C_LANGUAGE_STANDARD = gnu11;
				GCC_NO_COMMON_BLOCKS = YES;
				GCC_WARN_64_TO_32_BIT_CONVERSION = YES;
				GCC_WARN_ABOUT_RETURN_TYPE = YES_ERROR;
				GCC_WARN_UNDECLARED_SELECTOR = YES;
				GCC_WARN_UNINITIALIZED_AUTOS = YES_AGGRESSIVE;
				GCC_WARN_UNUSED_FUNCTION = YES;
				GCC_WARN_UNUSED_VARIABLE = YES;
				IPHONEOS_DEPLOYMENT_TARGET = 15.2;
				MTL_ENABLE_DEBUG_INFO = NO;
				MTL_FAST_MATH = YES;
				SDKROOT = iphoneos;
				SWIFT_COMPILATION_MODE = wholemodule;
				SWIFT_OPTIMIZATION_LEVEL = "-O";
				VALIDATE_PRODUCT = YES;
			};
			name = Release;
		};
		10DB753D28168AEB007B411D /* Debug */ = {
			isa = XCBuildConfiguration;
			buildSettings = {
				ASSETCATALOG_COMPILER_APPICON_NAME = AppIcon;
				ASSETCATALOG_COMPILER_GLOBAL_ACCENT_COLOR_NAME = AccentColor;
				CODE_SIGN_STYLE = Automatic;
				CURRENT_PROJECT_VERSION = 1;
				DEVELOPMENT_ASSET_PATHS = "\"SnackBarExample/Preview Content\"";
				ENABLE_PREVIEWS = YES;
				GENERATE_INFOPLIST_FILE = YES;
				INFOPLIST_KEY_UIApplicationSceneManifest_Generation = YES;
				INFOPLIST_KEY_UIApplicationSupportsIndirectInputEvents = YES;
				INFOPLIST_KEY_UILaunchScreen_Generation = YES;
				INFOPLIST_KEY_UISupportedInterfaceOrientations_iPad = "UIInterfaceOrientationPortrait UIInterfaceOrientationPortraitUpsideDown UIInterfaceOrientationLandscapeLeft UIInterfaceOrientationLandscapeRight";
				INFOPLIST_KEY_UISupportedInterfaceOrientations_iPhone = "UIInterfaceOrientationPortrait UIInterfaceOrientationLandscapeLeft UIInterfaceOrientationLandscapeRight";
				LD_RUNPATH_SEARCH_PATHS = (
					"$(inherited)",
					"@executable_path/Frameworks",
				);
				MARKETING_VERSION = 1.0;
				PRODUCT_BUNDLE_IDENTIFIER = jp.solution888.swiftui.snackbar.SnackBarExample;
				PRODUCT_NAME = "$(TARGET_NAME)";
				SWIFT_EMIT_LOC_STRINGS = YES;
				SWIFT_VERSION = 5.0;
				TARGETED_DEVICE_FAMILY = "1,2";
			};
			name = Debug;
		};
		10DB753E28168AEB007B411D /* Release */ = {
			isa = XCBuildConfiguration;
			buildSettings = {
				ASSETCATALOG_COMPILER_APPICON_NAME = AppIcon;
				ASSETCATALOG_COMPILER_GLOBAL_ACCENT_COLOR_NAME = AccentColor;
				CODE_SIGN_STYLE = Automatic;
				CURRENT_PROJECT_VERSION = 1;
				DEVELOPMENT_ASSET_PATHS = "\"SnackBarExample/Preview Content\"";
				ENABLE_PREVIEWS = YES;
				GENERATE_INFOPLIST_FILE = YES;
				INFOPLIST_KEY_UIApplicationSceneManifest_Generation = YES;
				INFOPLIST_KEY_UIApplicationSupportsIndirectInputEvents = YES;
				INFOPLIST_KEY_UILaunchScreen_Generation = YES;
				INFOPLIST_KEY_UISupportedInterfaceOrientations_iPad = "UIInterfaceOrientationPortrait UIInterfaceOrientationPortraitUpsideDown UIInterfaceOrientationLandscapeLeft UIInterfaceOrientationLandscapeRight";
				INFOPLIST_KEY_UISupportedInterfaceOrientations_iPhone = "UIInterfaceOrientationPortrait UIInterfaceOrientationLandscapeLeft UIInterfaceOrientationLandscapeRight";
				LD_RUNPATH_SEARCH_PATHS = (
					"$(inherited)",
					"@executable_path/Frameworks",
				);
				MARKETING_VERSION = 1.0;
				PRODUCT_BUNDLE_IDENTIFIER = jp.solution888.swiftui.snackbar.SnackBarExample;
				PRODUCT_NAME = "$(TARGET_NAME)";
				SWIFT_EMIT_LOC_STRINGS = YES;
				SWIFT_VERSION = 5.0;
				TARGETED_DEVICE_FAMILY = "1,2";
			};
			name = Release;
		};
		10DB754028168AEB007B411D /* Debug */ = {
			isa = XCBuildConfiguration;
			buildSettings = {
				ALWAYS_EMBED_SWIFT_STANDARD_LIBRARIES = YES;
				BUNDLE_LOADER = "$(TEST_HOST)";
				CODE_SIGN_STYLE = Automatic;
				CURRENT_PROJECT_VERSION = 1;
				GENERATE_INFOPLIST_FILE = YES;
				IPHONEOS_DEPLOYMENT_TARGET = 15.2;
				MARKETING_VERSION = 1.0;
				PRODUCT_BUNDLE_IDENTIFIER = jp.solution888.swiftui.snackbar.SnackBarExampleTests;
				PRODUCT_NAME = "$(TARGET_NAME)";
				SWIFT_EMIT_LOC_STRINGS = NO;
				SWIFT_VERSION = 5.0;
				TARGETED_DEVICE_FAMILY = "1,2";
				TEST_HOST = "$(BUILT_PRODUCTS_DIR)/SnackBarExample.app/SnackBarExample";
			};
			name = Debug;
		};
		10DB754128168AEB007B411D /* Release */ = {
			isa = XCBuildConfiguration;
			buildSettings = {
				ALWAYS_EMBED_SWIFT_STANDARD_LIBRARIES = YES;
				BUNDLE_LOADER = "$(TEST_HOST)";
				CODE_SIGN_STYLE = Automatic;
				CURRENT_PROJECT_VERSION = 1;
				GENERATE_INFOPLIST_FILE = YES;
				IPHONEOS_DEPLOYMENT_TARGET = 15.2;
				MARKETING_VERSION = 1.0;
				PRODUCT_BUNDLE_IDENTIFIER = jp.solution888.swiftui.snackbar.SnackBarExampleTests;
				PRODUCT_NAME = "$(TARGET_NAME)";
				SWIFT_EMIT_LOC_STRINGS = NO;
				SWIFT_VERSION = 5.0;
				TARGETED_DEVICE_FAMILY = "1,2";
				TEST_HOST = "$(BUILT_PRODUCTS_DIR)/SnackBarExample.app/SnackBarExample";
			};
			name = Release;
		};
		10DB754328168AEB007B411D /* Debug */ = {
			isa = XCBuildConfiguration;
			buildSettings = {
				ALWAYS_EMBED_SWIFT_STANDARD_LIBRARIES = YES;
				CODE_SIGN_STYLE = Automatic;
				CURRENT_PROJECT_VERSION = 1;
				GENERATE_INFOPLIST_FILE = YES;
				MARKETING_VERSION = 1.0;
				PRODUCT_BUNDLE_IDENTIFIER = jp.solution888.swiftui.snackbar.SnackBarExampleUITests;
				PRODUCT_NAME = "$(TARGET_NAME)";
				SWIFT_EMIT_LOC_STRINGS = NO;
				SWIFT_VERSION = 5.0;
				TARGETED_DEVICE_FAMILY = "1,2";
				TEST_TARGET_NAME = SnackBarExample;
			};
			name = Debug;
		};
		10DB754428168AEB007B411D /* Release */ = {
			isa = XCBuildConfiguration;
			buildSettings = {
				ALWAYS_EMBED_SWIFT_STANDARD_LIBRARIES = YES;
				CODE_SIGN_STYLE = Automatic;
				CURRENT_PROJECT_VERSION = 1;
				GENERATE_INFOPLIST_FILE = YES;
				MARKETING_VERSION = 1.0;
				PRODUCT_BUNDLE_IDENTIFIER = jp.solution888.swiftui.snackbar.SnackBarExampleUITests;
				PRODUCT_NAME = "$(TARGET_NAME)";
				SWIFT_EMIT_LOC_STRINGS = NO;
				SWIFT_VERSION = 5.0;
				TARGETED_DEVICE_FAMILY = "1,2";
				TEST_TARGET_NAME = SnackBarExample;
			};
			name = Release;
		};
/* End XCBuildConfiguration section */

/* Begin XCConfigurationList section */
		10DB751328168AE9007B411D /* Build configuration list for PBXProject "SnackBarExample" */ = {
			isa = XCConfigurationList;
			buildConfigurations = (
				10DB753A28168AEB007B411D /* Debug */,
				10DB753B28168AEB007B411D /* Release */,
			);
			defaultConfigurationIsVisible = 0;
			defaultConfigurationName = Release;
		};
		10DB753C28168AEB007B411D /* Build configuration list for PBXNativeTarget "SnackBarExample" */ = {
			isa = XCConfigurationList;
			buildConfigurations = (
				10DB753D28168AEB007B411D /* Debug */,
				10DB753E28168AEB007B411D /* Release */,
			);
			defaultConfigurationIsVisible = 0;
			defaultConfigurationName = Release;
		};
		10DB753F28168AEB007B411D /* Build configuration list for PBXNativeTarget "SnackBarExampleTests" */ = {
			isa = XCConfigurationList;
			buildConfigurations = (
				10DB754028168AEB007B411D /* Debug */,
				10DB754128168AEB007B411D /* Release */,
			);
			defaultConfigurationIsVisible = 0;
			defaultConfigurationName = Release;
		};
		10DB754228168AEB007B411D /* Build configuration list for PBXNativeTarget "SnackBarExampleUITests" */ = {
			isa = XCConfigurationList;
			buildConfigurations = (
				10DB754328168AEB007B411D /* Debug */,
				10DB754428168AEB007B411D /* Release */,
			);
			defaultConfigurationIsVisible = 0;
			defaultConfigurationName = Release;
		};
/* End XCConfigurationList section */
	};
	rootObject = 10DB751028168AE9007B411D /* Project object */;
}
